
Microsoft Visual Studio Solution File, Format Version 12.00
# Visual Studio Version 16
VisualStudioVersion = 16.0.29806.167
MinimumVisualStudioVersion = 10.0.40219.1
Project("{FAE04EC0-301F-11D3-BF4B-00C04F79EFBC}") = "ConsoleApp1Constructors", "ConsoleApp1Constructors.csproj", "{DCDDBA5C-F9C1-433E-89FA-E3A955D5AFAC}"
EndProject
Global
	GlobalSection(SolutionConfigurationPlatforms) = preSolution
		Debug|Any CPU = Debug|Any CPU
		Release|Any CPU = Release|Any CPU
	EndGlobalSection
	GlobalSection(ProjectConfigurationPlatforms) = postSolution
		{DCDDBA5C-F9C1-433E-89FA-E3A955D5AFAC}.Debug|Any CPU.ActiveCfg = Debug|Any CPU
		{DCDDBA5C-F9C1-433E-89FA-E3A955D5AFAC}.Debug|Any CPU.Build.0 = Debug|Any CPU
		{DCDDBA5C-F9C1-433E-89FA-E3A955D5AFAC}.Release|Any CPU.ActiveCfg = Release|Any CPU
		{DCDDBA5C-F9C1-433E-89FA-E3A955D5AFAC}.Release|Any CPU.Build.0 = Release|Any CPU
	EndGlobalSection
	GlobalSection(SolutionProperties) = preSolution
		HideSolutionNode = FALSE
	EndGlobalSection
	GlobalSection(ExtensibilityGlobals) = postSolution
		SolutionGuid = {00B065CC-2BF8-40EA-9E60-F4AB2E12D55E}
	EndGlobalSection
EndGlobal
